// !$*UTF8*$!
{
	archiveVersion = 1;
	classes = {
	};
	objectVersion = 46;
	objects = {

/* Begin PBXBuildFile section */
		49D6213D164D9CDA000AB699 /* UIKit.framework in Frameworks */ = {isa = PBXBuildFile; fileRef = 49D6213C164D9CDA000AB699 /* UIKit.framework */; };
		49D6213F164D9CDA000AB699 /* Foundation.framework in Frameworks */ = {isa = PBXBuildFile; fileRef = 49D6213E164D9CDA000AB699 /* Foundation.framework */; };
		49D62141164D9CDA000AB699 /* CoreGraphics.framework in Frameworks */ = {isa = PBXBuildFile; fileRef = 49D62140164D9CDA000AB699 /* CoreGraphics.framework */; };
		49D62147164D9CDA000AB699 /* InfoPlist.strings in Resources */ = {isa = PBXBuildFile; fileRef = 49D62145164D9CDA000AB699 /* InfoPlist.strings */; };
		49D62149164D9CDA000AB699 /* main.m in Sources */ = {isa = PBXBuildFile; fileRef = 49D62148164D9CDA000AB699 /* main.m */; };
		49D6214D164D9CDA000AB699 /* AppDelegate.m in Sources */ = {isa = PBXBuildFile; fileRef = 49D6214C164D9CDA000AB699 /* AppDelegate.m */; };
		49D6214F164D9CDB000AB699 /* Default.png in Resources */ = {isa = PBXBuildFile; fileRef = 49D6214E164D9CDB000AB699 /* Default.png */; };
		49D62151164D9CDB000AB699 /* Default@2x.png in Resources */ = {isa = PBXBuildFile; fileRef = 49D62150164D9CDB000AB699 /* Default@2x.png */; };
		49D62153164D9CDB000AB699 /* Default-568h@2x.png in Resources */ = {isa = PBXBuildFile; fileRef = 49D62152164D9CDB000AB699 /* Default-568h@2x.png */; };
		49D62165164D9F67000AB699 /* FirstViewController.m in Sources */ = {isa = PBXBuildFile; fileRef = 49D62163164D9F67000AB699 /* FirstViewController.m */; };
		49D62166164D9F67000AB699 /* FirstViewController.xib in Resources */ = {isa = PBXBuildFile; fileRef = 49D62164164D9F67000AB699 /* FirstViewController.xib */; };
		49D6216A164D9F72000AB699 /* SecondViewController.m in Sources */ = {isa = PBXBuildFile; fileRef = 49D62168164D9F72000AB699 /* SecondViewController.m */; };
		49D6216B164D9F72000AB699 /* SecondViewController.xib in Resources */ = {isa = PBXBuildFile; fileRef = 49D62169164D9F72000AB699 /* SecondViewController.xib */; };
		49D6216F164D9F7D000AB699 /* ThirdViewController.m in Sources */ = {isa = PBXBuildFile; fileRef = 49D6216D164D9F7D000AB699 /* ThirdViewController.m */; };
		49D62170164D9F7D000AB699 /* ThirdViewController.xib in Resources */ = {isa = PBXBuildFile; fileRef = 49D6216E164D9F7D000AB699 /* ThirdViewController.xib */; };
		49D62172164DA09C000AB699 /* icon_radar.png in Resources */ = {isa = PBXBuildFile; fileRef = 49D62171164DA09C000AB699 /* icon_radar.png */; };
		49D62173164DA119000AB699 /* MXSideMenuViewController.m in Sources */ = {isa = PBXBuildFile; fileRef = 49D62160164D9DDB000AB699 /* MXSideMenuViewController.m */; };
		49D62174164DA127000AB699 /* MXSideMenuViewController.xib in Resources */ = {isa = PBXBuildFile; fileRef = 49D62161164D9DDB000AB699 /* MXSideMenuViewController.xib */; };
		49D62176164DA1A4000AB699 /* menu_bg.png in Resources */ = {isa = PBXBuildFile; fileRef = 49D62175164DA1A4000AB699 /* menu_bg.png */; };
		49D62178164DA5B9000AB699 /* btn_selected_bg.png in Resources */ = {isa = PBXBuildFile; fileRef = 49D62177164DA5B9000AB699 /* btn_selected_bg.png */; };
/* End PBXBuildFile section */

/* Begin PBXFileReference section */
		49D62138164D9CDA000AB699 /* MXSideMenu.app */ = {isa = PBXFileReference; explicitFileType = wrapper.application; includeInIndex = 0; path = MXSideMenu.app; sourceTree = BUILT_PRODUCTS_DIR; };
		49D6213C164D9CDA000AB699 /* UIKit.framework */ = {isa = PBXFileReference; lastKnownFileType = wrapper.framework; name = UIKit.framework; path = System/Library/Frameworks/UIKit.framework; sourceTree = SDKROOT; };
		49D6213E164D9CDA000AB699 /* Foundation.framework */ = {isa = PBXFileReference; lastKnownFileType = wrapper.framework; name = Foundation.framework; path = System/Library/Frameworks/Foundation.framework; sourceTree = SDKROOT; };
		49D62140164D9CDA000AB699 /* CoreGraphics.framework */ = {isa = PBXFileReference; lastKnownFileType = wrapper.framework; name = CoreGraphics.framework; path = System/Library/Frameworks/CoreGraphics.framework; sourceTree = SDKROOT; };
		49D62144164D9CDA000AB699 /* MXSideMenu-Info.plist */ = {isa = PBXFileReference; lastKnownFileType = text.plist.xml; path = "MXSideMenu-Info.plist"; sourceTree = "<group>"; };
		49D62146164D9CDA000AB699 /* en */ = {isa = PBXFileReference; lastKnownFileType = text.plist.strings; name = en; path = en.lproj/InfoPlist.strings; sourceTree = "<group>"; };
		49D62148164D9CDA000AB699 /* main.m */ = {isa = PBXFileReference; lastKnownFileType = sourcecode.c.objc; path = main.m; sourceTree = "<group>"; };
		49D6214A164D9CDA000AB699 /* MXSideMenu-Prefix.pch */ = {isa = PBXFileReference; lastKnownFileType = sourcecode.c.h; path = "MXSideMenu-Prefix.pch"; sourceTree = "<group>"; };
		49D6214B164D9CDA000AB699 /* AppDelegate.h */ = {isa = PBXFileReference; lastKnownFileType = sourcecode.c.h; path = AppDelegate.h; sourceTree = "<group>"; };
		49D6214C164D9CDA000AB699 /* AppDelegate.m */ = {isa = PBXFileReference; lastKnownFileType = sourcecode.c.objc; path = AppDelegate.m; sourceTree = "<group>"; };
		49D6214E164D9CDB000AB699 /* Default.png */ = {isa = PBXFileReference; lastKnownFileType = image.png; path = Default.png; sourceTree = "<group>"; };
		49D62150164D9CDB000AB699 /* Default@2x.png */ = {isa = PBXFileReference; lastKnownFileType = image.png; path = "Default@2x.png"; sourceTree = "<group>"; };
		49D62152164D9CDB000AB699 /* Default-568h@2x.png */ = {isa = PBXFileReference; lastKnownFileType = image.png; path = "Default-568h@2x.png"; sourceTree = "<group>"; };
		49D6215F164D9DDB000AB699 /* MXSideMenuViewController.h */ = {isa = PBXFileReference; lastKnownFileType = sourcecode.c.h; path = MXSideMenuViewController.h; sourceTree = "<group>"; };
		49D62160164D9DDB000AB699 /* MXSideMenuViewController.m */ = {isa = PBXFileReference; lastKnownFileType = sourcecode.c.objc; path = MXSideMenuViewController.m; sourceTree = "<group>"; };
		49D62161164D9DDB000AB699 /* MXSideMenuViewController.xib */ = {isa = PBXFileReference; lastKnownFileType = file.xib; path = MXSideMenuViewController.xib; sourceTree = "<group>"; };
		49D62162164D9F67000AB699 /* FirstViewController.h */ = {isa = PBXFileReference; fileEncoding = 4; lastKnownFileType = sourcecode.c.h; path = FirstViewController.h; sourceTree = "<group>"; };
		49D62163164D9F67000AB699 /* FirstViewController.m */ = {isa = PBXFileReference; fileEncoding = 4; lastKnownFileType = sourcecode.c.objc; path = FirstViewController.m; sourceTree = "<group>"; };
		49D62164164D9F67000AB699 /* FirstViewController.xib */ = {isa = PBXFileReference; fileEncoding = 4; lastKnownFileType = file.xib; path = FirstViewController.xib; sourceTree = "<group>"; };
		49D62167164D9F72000AB699 /* SecondViewController.h */ = {isa = PBXFileReference; fileEncoding = 4; lastKnownFileType = sourcecode.c.h; path = SecondViewController.h; sourceTree = "<group>"; };
		49D62168164D9F72000AB699 /* SecondViewController.m */ = {isa = PBXFileReference; fileEncoding = 4; lastKnownFileType = sourcecode.c.objc; path = SecondViewController.m; sourceTree = "<group>"; };
		49D62169164D9F72000AB699 /* SecondViewController.xib */ = {isa = PBXFileReference; fileEncoding = 4; lastKnownFileType = file.xib; path = SecondViewController.xib; sourceTree = "<group>"; };
		49D6216C164D9F7D000AB699 /* ThirdViewController.h */ = {isa = PBXFileReference; fileEncoding = 4; lastKnownFileType = sourcecode.c.h; path = ThirdViewController.h; sourceTree = "<group>"; };
		49D6216D164D9F7D000AB699 /* ThirdViewController.m */ = {isa = PBXFileReference; fileEncoding = 4; lastKnownFileType = sourcecode.c.objc; path = ThirdViewController.m; sourceTree = "<group>"; };
		49D6216E164D9F7D000AB699 /* ThirdViewController.xib */ = {isa = PBXFileReference; fileEncoding = 4; lastKnownFileType = file.xib; path = ThirdViewController.xib; sourceTree = "<group>"; };
		49D62171164DA09C000AB699 /* icon_radar.png */ = {isa = PBXFileReference; lastKnownFileType = image.png; path = icon_radar.png; sourceTree = "<group>"; };
		49D62175164DA1A4000AB699 /* menu_bg.png */ = {isa = PBXFileReference; lastKnownFileType = image.png; path = menu_bg.png; sourceTree = "<group>"; };
		49D62177164DA5B9000AB699 /* btn_selected_bg.png */ = {isa = PBXFileReference; lastKnownFileType = image.png; path = btn_selected_bg.png; sourceTree = "<group>"; };
/* End PBXFileReference section */

/* Begin PBXFrameworksBuildPhase section */
		49D62135164D9CDA000AB699 /* Frameworks */ = {
			isa = PBXFrameworksBuildPhase;
			buildActionMask = 2147483647;
			files = (
				49D6213D164D9CDA000AB699 /* UIKit.framework in Frameworks */,
				49D6213F164D9CDA000AB699 /* Foundation.framework in Frameworks */,
				49D62141164D9CDA000AB699 /* CoreGraphics.framework in Frameworks */,
			);
			runOnlyForDeploymentPostprocessing = 0;
		};
/* End PBXFrameworksBuildPhase section */

/* Begin PBXGroup section */
		49D6212D164D9CDA000AB699 = {
			isa = PBXGroup;
			children = (
				49D62142164D9CDA000AB699 /* MXSideMenu */,
				49D6213B164D9CDA000AB699 /* Frameworks */,
				49D62139164D9CDA000AB699 /* Products */,
			);
			sourceTree = "<group>";
		};
		49D62139164D9CDA000AB699 /* Products */ = {
			isa = PBXGroup;
			children = (
				49D62138164D9CDA000AB699 /* MXSideMenu.app */,
			);
			name = Products;
			sourceTree = "<group>";
		};
		49D6213B164D9CDA000AB699 /* Frameworks */ = {
			isa = PBXGroup;
			children = (
				49D6213C164D9CDA000AB699 /* UIKit.framework */,
				49D6213E164D9CDA000AB699 /* Foundation.framework */,
				49D62140164D9CDA000AB699 /* CoreGraphics.framework */,
			);
			name = Frameworks;
			sourceTree = "<group>";
		};
		49D62142164D9CDA000AB699 /* MXSideMenu */ = {
			isa = PBXGroup;
			children = (
				49D6214B164D9CDA000AB699 /* AppDelegate.h */,
				49D6214C164D9CDA000AB699 /* AppDelegate.m */,
				49D6215F164D9DDB000AB699 /* MXSideMenuViewController.h */,
				49D62160164D9DDB000AB699 /* MXSideMenuViewController.m */,
				49D62161164D9DDB000AB699 /* MXSideMenuViewController.xib */,
				49D6217A164DA98D000AB699 /* ViewControllers */,
				49D62179164DA953000AB699 /* Images */,
				49D62143164D9CDA000AB699 /* Supporting Files */,
			);
			path = MXSideMenu;
			sourceTree = "<group>";
		};
		49D62143164D9CDA000AB699 /* Supporting Files */ = {
			isa = PBXGroup;
			children = (
				49D62144164D9CDA000AB699 /* MXSideMenu-Info.plist */,
				49D62145164D9CDA000AB699 /* InfoPlist.strings */,
				49D62148164D9CDA000AB699 /* main.m */,
				49D6214A164D9CDA000AB699 /* MXSideMenu-Prefix.pch */,
				49D6214E164D9CDB000AB699 /* Default.png */,
				49D62150164D9CDB000AB699 /* Default@2x.png */,
				49D62152164D9CDB000AB699 /* Default-568h@2x.png */,
			);
			name = "Supporting Files";
			sourceTree = "<group>";
		};
		49D62179164DA953000AB699 /* Images */ = {
			isa = PBXGroup;
			children = (
				49D62177164DA5B9000AB699 /* btn_selected_bg.png */,
				49D62175164DA1A4000AB699 /* menu_bg.png */,
				49D62171164DA09C000AB699 /* icon_radar.png */,
			);
			name = Images;
			sourceTree = "<group>";
		};
		49D6217A164DA98D000AB699 /* ViewControllers */ = {
			isa = PBXGroup;
			children = (
				49D62162164D9F67000AB699 /* FirstViewController.h */,
				49D62163164D9F67000AB699 /* FirstViewController.m */,
				49D62164164D9F67000AB699 /* FirstViewController.xib */,
				49D62167164D9F72000AB699 /* SecondViewController.h */,
				49D62168164D9F72000AB699 /* SecondViewController.m */,
				49D62169164D9F72000AB699 /* SecondViewController.xib */,
				49D6216C164D9F7D000AB699 /* ThirdViewController.h */,
				49D6216D164D9F7D000AB699 /* ThirdViewController.m */,
				49D6216E164D9F7D000AB699 /* ThirdViewController.xib */,
			);
			name = ViewControllers;
			sourceTree = "<group>";
		};
/* End PBXGroup section */

/* Begin PBXNativeTarget section */
		49D62137164D9CDA000AB699 /* MXSideMenu */ = {
			isa = PBXNativeTarget;
			buildConfigurationList = 49D6215C164D9CDB000AB699 /* Build configuration list for PBXNativeTarget "MXSideMenu" */;
			buildPhases = (
				49D62134164D9CDA000AB699 /* Sources */,
				49D62135164D9CDA000AB699 /* Frameworks */,
				49D62136164D9CDA000AB699 /* Resources */,
			);
			buildRules = (
			);
			dependencies = (
			);
			name = MXSideMenu;
			productName = MXSideMenu;
			productReference = 49D62138164D9CDA000AB699 /* MXSideMenu.app */;
			productType = "com.apple.product-type.application";
		};
/* End PBXNativeTarget section */

/* Begin PBXProject section */
		49D6212F164D9CDA000AB699 /* Project object */ = {
			isa = PBXProject;
			attributes = {
				LastUpgradeCheck = 0450;
				ORGANIZATIONNAME = "Miguel Fermin";
			};
			buildConfigurationList = 49D62132164D9CDA000AB699 /* Build configuration list for PBXProject "MXSideMenu" */;
			compatibilityVersion = "Xcode 3.2";
			developmentRegion = English;
			hasScannedForEncodings = 0;
			knownRegions = (
				en,
			);
			mainGroup = 49D6212D164D9CDA000AB699;
			productRefGroup = 49D62139164D9CDA000AB699 /* Products */;
			projectDirPath = "";
			projectRoot = "";
			targets = (
				49D62137164D9CDA000AB699 /* MXSideMenu */,
			);
		};
/* End PBXProject section */

/* Begin PBXResourcesBuildPhase section */
		49D62136164D9CDA000AB699 /* Resources */ = {
			isa = PBXResourcesBuildPhase;
			buildActionMask = 2147483647;
			files = (
				49D62147164D9CDA000AB699 /* InfoPlist.strings in Resources */,
				49D6214F164D9CDB000AB699 /* Default.png in Resources */,
				49D62151164D9CDB000AB699 /* Default@2x.png in Resources */,
				49D62153164D9CDB000AB699 /* Default-568h@2x.png in Resources */,
				49D62166164D9F67000AB699 /* FirstViewController.xib in Resources */,
				49D6216B164D9F72000AB699 /* SecondViewController.xib in Resources */,
				49D62170164D9F7D000AB699 /* ThirdViewController.xib in Resources */,
				49D62172164DA09C000AB699 /* icon_radar.png in Resources */,
				49D62174164DA127000AB699 /* MXSideMenuViewController.xib in Resources */,
				49D62176164DA1A4000AB699 /* menu_bg.png in Resources */,
				49D62178164DA5B9000AB699 /* btn_selected_bg.png in Resources */,
			);
			runOnlyForDeploymentPostprocessing = 0;
		};
/* End PBXResourcesBuildPhase section */

/* Begin PBXSourcesBuildPhase section */
		49D62134164D9CDA000AB699 /* Sources */ = {
			isa = PBXSourcesBuildPhase;
			buildActionMask = 2147483647;
			files = (
				49D62149164D9CDA000AB699 /* main.m in Sources */,
				49D6214D164D9CDA000AB699 /* AppDelegate.m in Sources */,
				49D62165164D9F67000AB699 /* FirstViewController.m in Sources */,
				49D6216A164D9F72000AB699 /* SecondViewController.m in Sources */,
				49D6216F164D9F7D000AB699 /* ThirdViewController.m in Sources */,
				49D62173164DA119000AB699 /* MXSideMenuViewController.m in Sources */,
			);
			runOnlyForDeploymentPostprocessing = 0;
		};
/* End PBXSourcesBuildPhase section */

/* Begin PBXVariantGroup section */
		49D62145164D9CDA000AB699 /* InfoPlist.strings */ = {
			isa = PBXVariantGroup;
			children = (
				49D62146164D9CDA000AB699 /* en */,
			);
			name = InfoPlist.strings;
			sourceTree = "<group>";
		};
/* End PBXVariantGroup section */

/* Begin XCBuildConfiguration section */
		49D6215A164D9CDB000AB699 /* Debug */ = {
			isa = XCBuildConfiguration;
			buildSettings = {
				ALWAYS_SEARCH_USER_PATHS = NO;
				CLANG_CXX_LANGUAGE_STANDARD = "gnu++0x";
				CLANG_CXX_LIBRARY = "libc++";
				CLANG_ENABLE_OBJC_ARC = YES;
				CLANG_WARN_EMPTY_BODY = YES;
				CLANG_WARN__DUPLICATE_METHOD_MATCH = YES;
				"CODE_SIGN_IDENTITY[sdk=iphoneos*]" = "iPhone Developer";
				COPY_PHASE_STRIP = NO;
				GCC_C_LANGUAGE_STANDARD = gnu99;
				GCC_DYNAMIC_NO_PIC = NO;
				GCC_OPTIMIZATION_LEVEL = 0;
				GCC_PREPROCESSOR_DEFINITIONS = (
					"DEBUG=1",
					"$(inherited)",
				);
				GCC_SYMBOLS_PRIVATE_EXTERN = NO;
				GCC_WARN_ABOUT_RETURN_TYPE = YES;
				GCC_WARN_UNINITIALIZED_AUTOS = YES;
				GCC_WARN_UNUSED_VARIABLE = YES;
				IPHONEOS_DEPLOYMENT_TARGET = 6.0;
				SDKROOT = iphoneos;
			};
			name = Debug;
		};
		49D6215B164D9CDB000AB699 /* Release */ = {
			isa = XCBuildConfiguration;
			buildSettings = {
				ALWAYS_SEARCH_USER_PATHS = NO;
				CLANG_CXX_LANGUAGE_STANDARD = "gnu++0x";
				CLANG_CXX_LIBRARY = "libc++";
				CLANG_ENABLE_OBJC_ARC = YES;
				CLANG_WARN_EMPTY_BODY = YES;
				CLANG_WARN__DUPLICATE_METHOD_MATCH = YES;
				"CODE_SIGN_IDENTITY[sdk=iphoneos*]" = "iPhone Developer";
				COPY_PHASE_STRIP = YES;
				GCC_C_LANGUAGE_STANDARD = gnu99;
				GCC_WARN_ABOUT_RETURN_TYPE = YES;
				GCC_WARN_UNINITIALIZED_AUTOS = YES;
				GCC_WARN_UNUSED_VARIABLE = YES;
				IPHONEOS_DEPLOYMENT_TARGET = 6.0;
				OTHER_CFLAGS = "-DNS_BLOCK_ASSERTIONS=1";
				SDKROOT = iphoneos;
				VALIDATE_PRODUCT = YES;
			};
			name = Release;
		};
		49D6215D164D9CDB000AB699 /* Debug */ = {
			isa = XCBuildConfiguration;
			buildSettings = {
				GCC_PRECOMPILE_PREFIX_HEADER = YES;
				GCC_PREFIX_HEADER = "MXSideMenu/MXSideMenu-Prefix.pch";
				INFOPLIST_FILE = "MXSideMenu/MXSideMenu-Info.plist";
				PRODUCT_NAME = "$(TARGET_NAME)";
				WRAPPER_EXTENSION = app;
			};
			name = Debug;
		};
		49D6215E164D9CDB000AB699 /* Release */ = {
			isa = XCBuildConfiguration;
			buildSettings = {
				GCC_PRECOMPILE_PREFIX_HEADER = YES;
				GCC_PREFIX_HEADER = "MXSideMenu/MXSideMenu-Prefix.pch";
				INFOPLIST_FILE = "MXSideMenu/MXSideMenu-Info.plist";
				PRODUCT_NAME = "$(TARGET_NAME)";
				WRAPPER_EXTENSION = app;
			};
			name = Release;
		};
/* End XCBuildConfiguration section */

/* Begin XCConfigurationList section */
		49D62132164D9CDA000AB699 /* Build configuration list for PBXProject "MXSideMenu" */ = {
			isa = XCConfigurationList;
			buildConfigurations = (
				49D6215A164D9CDB000AB699 /* Debug */,
				49D6215B164D9CDB000AB699 /* Release */,
			);
			defaultConfigurationIsVisible = 0;
			defaultConfigurationName = Release;
		};
		49D6215C164D9CDB000AB699 /* Build configuration list for PBXNativeTarget "MXSideMenu" */ = {
			isa = XCConfigurationList;
			buildConfigurations = (
				49D6215D164D9CDB000AB699 /* Debug */,
				49D6215E164D9CDB000AB699 /* Release */,
			);
			defaultConfigurationIsVisible = 0;
		};
/* End XCConfigurationList section */
	};
	rootObject = 49D6212F164D9CDA000AB699 /* Project object */;
}
